
Microsoft Visual Studio Solution File, Format Version 12.00
# Visual Studio 14
VisualStudioVersion = 14.0.24720.0
MinimumVisualStudioVersion = 10.0.40219.1
Project("{FAE04EC0-301F-11D3-BF4B-00C04F79EFBC}") = "Strings", "ExempluSem\Strings.csproj", "{C375BE4E-DFF2-4277-A93F-3E889F1C7146}"
EndProject
Project("{FAE04EC0-301F-11D3-BF4B-00C04F79EFBC}") = "StandardInterfaces", "Interfaces\StandardInterfaces.csproj", "{271CA868-5BEC-4540-B462-FFA77087F4D9}"
EndProject
Project("{2150E333-8FDC-42A3-9474-1A3956D46DE8}") = "Seminar 1", "Seminar 1", "{80D947C5-D1E9-4814-BD59-2E49DF41D524}"
EndProject
Project("{2150E333-8FDC-42A3-9474-1A3956D46DE8}") = "Seminar 2", "Seminar 2", "{E3FBE13A-79C0-4694-BF7C-1B8AEC22A973}"
EndProject
Project("{FAE04EC0-301F-11D3-BF4B-00C04F79EFBC}") = "EnumStructClass", "ValueTypesReferenceTypes\EnumStructClass.csproj", "{75373F0C-B06E-41BE-BE65-96BF8B82A264}"
EndProject
Project("{FAE04EC0-301F-11D3-BF4B-00C04F79EFBC}") = "Arrays", "Array\Arrays.csproj", "{C9FAD7E9-1A72-41D8-84DE-8771E30D8CBC}"
EndProject
Project("{FAE04EC0-301F-11D3-BF4B-00C04F79EFBC}") = "Inheritance", "ConstructorDestructor\Inheritance.csproj", "{EF011870-ADD9-496C-B977-6DACE8F89447}"
EndProject
Project("{2150E333-8FDC-42A3-9474-1A3956D46DE8}") = "Seminar 3", "Seminar 3", "{2EF76BD0-9579-4300-BFEB-C18E64CF9FF1}"
EndProject
Project("{FAE04EC0-301F-11D3-BF4B-00C04F79EFBC}") = "Collections", "Collections\Collections.csproj", "{A0469F13-0753-41C3-B67B-CA76758D9A23}"
EndProject
Project("{FAE04EC0-301F-11D3-BF4B-00C04F79EFBC}") = "GarbageCollection", "GarbageCollection\GarbageCollection.csproj", "{FF7F4A29-D472-47EC-ADD1-6DDC90B90F07}"
EndProject
Project("{FAE04EC0-301F-11D3-BF4B-00C04F79EFBC}") = "ExceptionHandeling", "ExceptionHandeling\ExceptionHandeling.csproj", "{E3C49D16-324F-4913-AEDB-953A5B11FFEA}"
EndProject
Project("{FAE04EC0-301F-11D3-BF4B-00C04F79EFBC}") = "BoxingUnboxing", "BoxingUnboxing\BoxingUnboxing.csproj", "{918F2EA2-98DB-4342-BD47-1EFBCB7EE56B}"
EndProject
Project("{2150E333-8FDC-42A3-9474-1A3956D46DE8}") = "Seminar 4", "Seminar 4", "{A768DE76-513E-401C-A677-501E4BBA480E}"
EndProject
Project("{2150E333-8FDC-42A3-9474-1A3956D46DE8}") = "Seminar 5", "Seminar 5", "{A19E5D3D-DAE1-4935-94C9-517A7952668E}"
EndProject
Project("{FAE04EC0-301F-11D3-BF4B-00C04F79EFBC}") = "Operators", "Operators\Operators.csproj", "{D9184C02-2ADA-42F2-86D3-70836754205D}"
EndProject
Global
	GlobalSection(SolutionConfigurationPlatforms) = preSolution
		Debug|Any CPU = Debug|Any CPU
		Release|Any CPU = Release|Any CPU
	EndGlobalSection
	GlobalSection(ProjectConfigurationPlatforms) = postSolution
		{C375BE4E-DFF2-4277-A93F-3E889F1C7146}.Debug|Any CPU.ActiveCfg = Debug|Any CPU
		{C375BE4E-DFF2-4277-A93F-3E889F1C7146}.Debug|Any CPU.Build.0 = Debug|Any CPU
		{C375BE4E-DFF2-4277-A93F-3E889F1C7146}.Release|Any CPU.ActiveCfg = Release|Any CPU
		{C375BE4E-DFF2-4277-A93F-3E889F1C7146}.Release|Any CPU.Build.0 = Release|Any CPU
		{271CA868-5BEC-4540-B462-FFA77087F4D9}.Debug|Any CPU.ActiveCfg = Debug|Any CPU
		{271CA868-5BEC-4540-B462-FFA77087F4D9}.Debug|Any CPU.Build.0 = Debug|Any CPU
		{271CA868-5BEC-4540-B462-FFA77087F4D9}.Release|Any CPU.ActiveCfg = Release|Any CPU
		{271CA868-5BEC-4540-B462-FFA77087F4D9}.Release|Any CPU.Build.0 = Release|Any CPU
		{75373F0C-B06E-41BE-BE65-96BF8B82A264}.Debug|Any CPU.ActiveCfg = Debug|Any CPU
		{75373F0C-B06E-41BE-BE65-96BF8B82A264}.Debug|Any CPU.Build.0 = Debug|Any CPU
		{75373F0C-B06E-41BE-BE65-96BF8B82A264}.Release|Any CPU.ActiveCfg = Release|Any CPU
		{75373F0C-B06E-41BE-BE65-96BF8B82A264}.Release|Any CPU.Build.0 = Release|Any CPU
		{C9FAD7E9-1A72-41D8-84DE-8771E30D8CBC}.Debug|Any CPU.ActiveCfg = Debug|Any CPU
		{C9FAD7E9-1A72-41D8-84DE-8771E30D8CBC}.Debug|Any CPU.Build.0 = Debug|Any CPU
		{C9FAD7E9-1A72-41D8-84DE-8771E30D8CBC}.Release|Any CPU.ActiveCfg = Release|Any CPU
		{C9FAD7E9-1A72-41D8-84DE-8771E30D8CBC}.Release|Any CPU.Build.0 = Release|Any CPU
		{EF011870-ADD9-496C-B977-6DACE8F89447}.Debug|Any CPU.ActiveCfg = Debug|Any CPU
		{EF011870-ADD9-496C-B977-6DACE8F89447}.Debug|Any CPU.Build.0 = Debug|Any CPU
		{EF011870-ADD9-496C-B977-6DACE8F89447}.Release|Any CPU.ActiveCfg = Release|Any CPU
		{EF011870-ADD9-496C-B977-6DACE8F89447}.Release|Any CPU.Build.0 = Release|Any CPU
		{A0469F13-0753-41C3-B67B-CA76758D9A23}.Debug|Any CPU.ActiveCfg = Debug|Any CPU
		{A0469F13-0753-41C3-B67B-CA76758D9A23}.Debug|Any CPU.Build.0 = Debug|Any CPU
		{A0469F13-0753-41C3-B67B-CA76758D9A23}.Release|Any CPU.ActiveCfg = Release|Any CPU
		{A0469F13-0753-41C3-B67B-CA76758D9A23}.Release|Any CPU.Build.0 = Release|Any CPU
		{FF7F4A29-D472-47EC-ADD1-6DDC90B90F07}.Debug|Any CPU.ActiveCfg = Debug|Any CPU
		{FF7F4A29-D472-47EC-ADD1-6DDC90B90F07}.Debug|Any CPU.Build.0 = Debug|Any CPU
		{FF7F4A29-D472-47EC-ADD1-6DDC90B90F07}.Release|Any CPU.ActiveCfg = Release|Any CPU
		{FF7F4A29-D472-47EC-ADD1-6DDC90B90F07}.Release|Any CPU.Build.0 = Release|Any CPU
		{E3C49D16-324F-4913-AEDB-953A5B11FFEA}.Debug|Any CPU.ActiveCfg = Debug|Any CPU
		{E3C49D16-324F-4913-AEDB-953A5B11FFEA}.Debug|Any CPU.Build.0 = Debug|Any CPU
		{E3C49D16-324F-4913-AEDB-953A5B11FFEA}.Release|Any CPU.ActiveCfg = Release|Any CPU
		{E3C49D16-324F-4913-AEDB-953A5B11FFEA}.Release|Any CPU.Build.0 = Release|Any CPU
		{918F2EA2-98DB-4342-BD47-1EFBCB7EE56B}.Debug|Any CPU.ActiveCfg = Debug|Any CPU
		{918F2EA2-98DB-4342-BD47-1EFBCB7EE56B}.Debug|Any CPU.Build.0 = Debug|Any CPU
		{918F2EA2-98DB-4342-BD47-1EFBCB7EE56B}.Release|Any CPU.ActiveCfg = Release|Any CPU
		{918F2EA2-98DB-4342-BD47-1EFBCB7EE56B}.Release|Any CPU.Build.0 = Release|Any CPU
		{D9184C02-2ADA-42F2-86D3-70836754205D}.Debug|Any CPU.ActiveCfg = Debug|Any CPU
		{D9184C02-2ADA-42F2-86D3-70836754205D}.Debug|Any CPU.Build.0 = Debug|Any CPU
		{D9184C02-2ADA-42F2-86D3-70836754205D}.Release|Any CPU.ActiveCfg = Release|Any CPU
		{D9184C02-2ADA-42F2-86D3-70836754205D}.Release|Any CPU.Build.0 = Release|Any CPU
	EndGlobalSection
	GlobalSection(SolutionProperties) = preSolution
		HideSolutionNode = FALSE
	EndGlobalSection
	GlobalSection(NestedProjects) = preSolution
		{C375BE4E-DFF2-4277-A93F-3E889F1C7146} = {80D947C5-D1E9-4814-BD59-2E49DF41D524}
		{271CA868-5BEC-4540-B462-FFA77087F4D9} = {2EF76BD0-9579-4300-BFEB-C18E64CF9FF1}
		{75373F0C-B06E-41BE-BE65-96BF8B82A264} = {E3FBE13A-79C0-4694-BF7C-1B8AEC22A973}
		{C9FAD7E9-1A72-41D8-84DE-8771E30D8CBC} = {E3FBE13A-79C0-4694-BF7C-1B8AEC22A973}
		{EF011870-ADD9-496C-B977-6DACE8F89447} = {A768DE76-513E-401C-A677-501E4BBA480E}
		{A0469F13-0753-41C3-B67B-CA76758D9A23} = {2EF76BD0-9579-4300-BFEB-C18E64CF9FF1}
		{FF7F4A29-D472-47EC-ADD1-6DDC90B90F07} = {A19E5D3D-DAE1-4935-94C9-517A7952668E}
		{E3C49D16-324F-4913-AEDB-953A5B11FFEA} = {A768DE76-513E-401C-A677-501E4BBA480E}
		{918F2EA2-98DB-4342-BD47-1EFBCB7EE56B} = {80D947C5-D1E9-4814-BD59-2E49DF41D524}
		{D9184C02-2ADA-42F2-86D3-70836754205D} = {2EF76BD0-9579-4300-BFEB-C18E64CF9FF1}
	EndGlobalSection
EndGlobal
