
Microsoft Visual Studio Solution File, Format Version 12.00
# Visual Studio 14
VisualStudioVersion = 14.0.24720.0
MinimumVisualStudioVersion = 10.0.40219.1
Project("{FAE04EC0-301F-11D3-BF4B-00C04F79EFBC}") = "Strings", "Strings\Strings.csproj", "{C375BE4E-DFF2-4277-A93F-3E889F1C7146}"
EndProject
Project("{FAE04EC0-301F-11D3-BF4B-00C04F79EFBC}") = "StandardInterfaces", "Interfaces\StandardInterfaces.csproj", "{271CA868-5BEC-4540-B462-FFA77087F4D9}"
EndProject
Project("{2150E333-8FDC-42A3-9474-1A3956D46DE8}") = "1. NET Framework Basics", "1. NET Framework Basics", "{80D947C5-D1E9-4814-BD59-2E49DF41D524}"
EndProject
Project("{2150E333-8FDC-42A3-9474-1A3956D46DE8}") = "2. Creating Types", "2. Creating Types", "{E3FBE13A-79C0-4694-BF7C-1B8AEC22A973}"
EndProject
Project("{FAE04EC0-301F-11D3-BF4B-00C04F79EFBC}") = "EnumStructClass", "ValueTypesReferenceTypes\EnumStructClass.csproj", "{75373F0C-B06E-41BE-BE65-96BF8B82A264}"
EndProject
Project("{FAE04EC0-301F-11D3-BF4B-00C04F79EFBC}") = "Arrays", "Array\Arrays.csproj", "{C9FAD7E9-1A72-41D8-84DE-8771E30D8CBC}"
EndProject
Project("{FAE04EC0-301F-11D3-BF4B-00C04F79EFBC}") = "Inheritance", "ConstructorDestructor\Inheritance.csproj", "{EF011870-ADD9-496C-B977-6DACE8F89447}"
EndProject
Project("{2150E333-8FDC-42A3-9474-1A3956D46DE8}") = "3. Collections", "3. Collections", "{2EF76BD0-9579-4300-BFEB-C18E64CF9FF1}"
EndProject
Project("{FAE04EC0-301F-11D3-BF4B-00C04F79EFBC}") = "StandardCollections", "StandardCollections\StandardCollections.csproj", "{A0469F13-0753-41C3-B67B-CA76758D9A23}"
EndProject
Project("{FAE04EC0-301F-11D3-BF4B-00C04F79EFBC}") = "GarbageCollection", "GarbageCollection\GarbageCollection.csproj", "{FF7F4A29-D472-47EC-ADD1-6DDC90B90F07}"
EndProject
Project("{FAE04EC0-301F-11D3-BF4B-00C04F79EFBC}") = "ExceptionHandling", "ExceptionHandeling\ExceptionHandling.csproj", "{E3C49D16-324F-4913-AEDB-953A5B11FFEA}"
EndProject
Project("{FAE04EC0-301F-11D3-BF4B-00C04F79EFBC}") = "BoxingUnboxing", "BoxingUnboxing\BoxingUnboxing.csproj", "{918F2EA2-98DB-4342-BD47-1EFBCB7EE56B}"
EndProject
Project("{2150E333-8FDC-42A3-9474-1A3956D46DE8}") = "6. Windows Forms", "6. Windows Forms", "{A768DE76-513E-401C-A677-501E4BBA480E}"
EndProject
Project("{FAE04EC0-301F-11D3-BF4B-00C04F79EFBC}") = "Operators", "Operators\Operators.csproj", "{D9184C02-2ADA-42F2-86D3-70836754205D}"
EndProject
Project("{FAE04EC0-301F-11D3-BF4B-00C04F79EFBC}") = "CustomCollections", "CustomCollections\CustomCollections.csproj", "{0F018367-20E1-4AF9-BEF9-C21AB4C9D838}"
EndProject
Project("{2150E333-8FDC-42A3-9474-1A3956D46DE8}") = "5. Exceptions and Garbage Collection", "5. Exceptions and Garbage Collection", "{B5BE6112-E379-4ECB-BBCF-5621565863FC}"
EndProject
Project("{FAE04EC0-301F-11D3-BF4B-00C04F79EFBC}") = "Delegates", "Delegates\Delegates.csproj", "{CA750478-FC5F-4979-807B-B6D6EF362219}"
EndProject
Project("{2150E333-8FDC-42A3-9474-1A3956D46DE8}") = "7. Globalization", "7. Globalization", "{74C5D6A4-483F-4925-AE17-ED20131DE41C}"
EndProject
Project("{FAE04EC0-301F-11D3-BF4B-00C04F79EFBC}") = "Globalization", "Globalization\Globalization.csproj", "{389A84C9-024A-4F5C-B6D5-290FA6C3A05A}"
EndProject
Project("{FAE04EC0-301F-11D3-BF4B-00C04F79EFBC}") = "ClockUserControl", "UserControl\ClockUserControl.csproj", "{5FE4AB3E-0809-48CE-BE52-9A18B2DF9609}"
EndProject
Project("{FAE04EC0-301F-11D3-BF4B-00C04F79EFBC}") = "ClockUserControlApp", "UserControlApp\ClockUserControlApp.csproj", "{0881795D-C8B7-4606-8D46-B9FC940BB5E6}"
EndProject
Project("{FAE04EC0-301F-11D3-BF4B-00C04F79EFBC}") = "SimpleWebBrowser", "SimpleWebBrowser\SimpleWebBrowser.csproj", "{3C1648E5-3192-4CAE-B3A7-2B2CA7FEF8DD}"
EndProject
Project("{FAE04EC0-301F-11D3-BF4B-00C04F79EFBC}") = "EventsMethodTrigger", "EventsMethodTrigger\EventsMethodTrigger.csproj", "{43903ED6-420A-476C-B154-63E4A31CB9A4}"
EndProject
Project("{2150E333-8FDC-42A3-9474-1A3956D46DE8}") = "4. Delegates and EVents", "4. Delegates and EVents", "{868F8BD1-089A-4E76-BDEC-365F89CDB984}"
EndProject
Project("{FAE04EC0-301F-11D3-BF4B-00C04F79EFBC}") = "EventsPropertyTrigger", "EventsPropertyTrigger\EventsPropertyTrigger.csproj", "{D5449275-9B77-4543-A398-BC1568C9999D}"
EndProject
Project("{FAE04EC0-301F-11D3-BF4B-00C04F79EFBC}") = "EventsPropertyTriggerEventArgs", "EventsPropertyTriggerEventArgs\EventsPropertyTriggerEventArgs.csproj", "{359B7CBB-CDE6-403E-8EA4-F6EC7F51E2EF}"
EndProject
Global
	GlobalSection(SolutionConfigurationPlatforms) = preSolution
		Debug|Any CPU = Debug|Any CPU
		Debug|x86 = Debug|x86
		Release|Any CPU = Release|Any CPU
		Release|x86 = Release|x86
	EndGlobalSection
	GlobalSection(ProjectConfigurationPlatforms) = postSolution
		{C375BE4E-DFF2-4277-A93F-3E889F1C7146}.Debug|Any CPU.ActiveCfg = Debug|Any CPU
		{C375BE4E-DFF2-4277-A93F-3E889F1C7146}.Debug|Any CPU.Build.0 = Debug|Any CPU
		{C375BE4E-DFF2-4277-A93F-3E889F1C7146}.Debug|x86.ActiveCfg = Debug|Any CPU
		{C375BE4E-DFF2-4277-A93F-3E889F1C7146}.Debug|x86.Build.0 = Debug|Any CPU
		{C375BE4E-DFF2-4277-A93F-3E889F1C7146}.Release|Any CPU.ActiveCfg = Release|Any CPU
		{C375BE4E-DFF2-4277-A93F-3E889F1C7146}.Release|Any CPU.Build.0 = Release|Any CPU
		{C375BE4E-DFF2-4277-A93F-3E889F1C7146}.Release|x86.ActiveCfg = Release|Any CPU
		{C375BE4E-DFF2-4277-A93F-3E889F1C7146}.Release|x86.Build.0 = Release|Any CPU
		{271CA868-5BEC-4540-B462-FFA77087F4D9}.Debug|Any CPU.ActiveCfg = Debug|Any CPU
		{271CA868-5BEC-4540-B462-FFA77087F4D9}.Debug|Any CPU.Build.0 = Debug|Any CPU
		{271CA868-5BEC-4540-B462-FFA77087F4D9}.Debug|x86.ActiveCfg = Debug|Any CPU
		{271CA868-5BEC-4540-B462-FFA77087F4D9}.Debug|x86.Build.0 = Debug|Any CPU
		{271CA868-5BEC-4540-B462-FFA77087F4D9}.Release|Any CPU.ActiveCfg = Release|Any CPU
		{271CA868-5BEC-4540-B462-FFA77087F4D9}.Release|Any CPU.Build.0 = Release|Any CPU
		{271CA868-5BEC-4540-B462-FFA77087F4D9}.Release|x86.ActiveCfg = Release|Any CPU
		{271CA868-5BEC-4540-B462-FFA77087F4D9}.Release|x86.Build.0 = Release|Any CPU
		{75373F0C-B06E-41BE-BE65-96BF8B82A264}.Debug|Any CPU.ActiveCfg = Debug|Any CPU
		{75373F0C-B06E-41BE-BE65-96BF8B82A264}.Debug|Any CPU.Build.0 = Debug|Any CPU
		{75373F0C-B06E-41BE-BE65-96BF8B82A264}.Debug|x86.ActiveCfg = Debug|Any CPU
		{75373F0C-B06E-41BE-BE65-96BF8B82A264}.Debug|x86.Build.0 = Debug|Any CPU
		{75373F0C-B06E-41BE-BE65-96BF8B82A264}.Release|Any CPU.ActiveCfg = Release|Any CPU
		{75373F0C-B06E-41BE-BE65-96BF8B82A264}.Release|Any CPU.Build.0 = Release|Any CPU
		{75373F0C-B06E-41BE-BE65-96BF8B82A264}.Release|x86.ActiveCfg = Release|Any CPU
		{75373F0C-B06E-41BE-BE65-96BF8B82A264}.Release|x86.Build.0 = Release|Any CPU
		{C9FAD7E9-1A72-41D8-84DE-8771E30D8CBC}.Debug|Any CPU.ActiveCfg = Debug|Any CPU
		{C9FAD7E9-1A72-41D8-84DE-8771E30D8CBC}.Debug|Any CPU.Build.0 = Debug|Any CPU
		{C9FAD7E9-1A72-41D8-84DE-8771E30D8CBC}.Debug|x86.ActiveCfg = Debug|Any CPU
		{C9FAD7E9-1A72-41D8-84DE-8771E30D8CBC}.Debug|x86.Build.0 = Debug|Any CPU
		{C9FAD7E9-1A72-41D8-84DE-8771E30D8CBC}.Release|Any CPU.ActiveCfg = Release|Any CPU
		{C9FAD7E9-1A72-41D8-84DE-8771E30D8CBC}.Release|Any CPU.Build.0 = Release|Any CPU
		{C9FAD7E9-1A72-41D8-84DE-8771E30D8CBC}.Release|x86.ActiveCfg = Release|Any CPU
		{C9FAD7E9-1A72-41D8-84DE-8771E30D8CBC}.Release|x86.Build.0 = Release|Any CPU
		{EF011870-ADD9-496C-B977-6DACE8F89447}.Debug|Any CPU.ActiveCfg = Debug|Any CPU
		{EF011870-ADD9-496C-B977-6DACE8F89447}.Debug|Any CPU.Build.0 = Debug|Any CPU
		{EF011870-ADD9-496C-B977-6DACE8F89447}.Debug|x86.ActiveCfg = Debug|Any CPU
		{EF011870-ADD9-496C-B977-6DACE8F89447}.Debug|x86.Build.0 = Debug|Any CPU
		{EF011870-ADD9-496C-B977-6DACE8F89447}.Release|Any CPU.ActiveCfg = Release|Any CPU
		{EF011870-ADD9-496C-B977-6DACE8F89447}.Release|Any CPU.Build.0 = Release|Any CPU
		{EF011870-ADD9-496C-B977-6DACE8F89447}.Release|x86.ActiveCfg = Release|Any CPU
		{EF011870-ADD9-496C-B977-6DACE8F89447}.Release|x86.Build.0 = Release|Any CPU
		{A0469F13-0753-41C3-B67B-CA76758D9A23}.Debug|Any CPU.ActiveCfg = Debug|Any CPU
		{A0469F13-0753-41C3-B67B-CA76758D9A23}.Debug|Any CPU.Build.0 = Debug|Any CPU
		{A0469F13-0753-41C3-B67B-CA76758D9A23}.Debug|x86.ActiveCfg = Debug|Any CPU
		{A0469F13-0753-41C3-B67B-CA76758D9A23}.Debug|x86.Build.0 = Debug|Any CPU
		{A0469F13-0753-41C3-B67B-CA76758D9A23}.Release|Any CPU.ActiveCfg = Release|Any CPU
		{A0469F13-0753-41C3-B67B-CA76758D9A23}.Release|Any CPU.Build.0 = Release|Any CPU
		{A0469F13-0753-41C3-B67B-CA76758D9A23}.Release|x86.ActiveCfg = Release|Any CPU
		{A0469F13-0753-41C3-B67B-CA76758D9A23}.Release|x86.Build.0 = Release|Any CPU
		{FF7F4A29-D472-47EC-ADD1-6DDC90B90F07}.Debug|Any CPU.ActiveCfg = Debug|Any CPU
		{FF7F4A29-D472-47EC-ADD1-6DDC90B90F07}.Debug|Any CPU.Build.0 = Debug|Any CPU
		{FF7F4A29-D472-47EC-ADD1-6DDC90B90F07}.Debug|x86.ActiveCfg = Debug|Any CPU
		{FF7F4A29-D472-47EC-ADD1-6DDC90B90F07}.Debug|x86.Build.0 = Debug|Any CPU
		{FF7F4A29-D472-47EC-ADD1-6DDC90B90F07}.Release|Any CPU.ActiveCfg = Release|Any CPU
		{FF7F4A29-D472-47EC-ADD1-6DDC90B90F07}.Release|Any CPU.Build.0 = Release|Any CPU
		{FF7F4A29-D472-47EC-ADD1-6DDC90B90F07}.Release|x86.ActiveCfg = Release|Any CPU
		{FF7F4A29-D472-47EC-ADD1-6DDC90B90F07}.Release|x86.Build.0 = Release|Any CPU
		{E3C49D16-324F-4913-AEDB-953A5B11FFEA}.Debug|Any CPU.ActiveCfg = Debug|Any CPU
		{E3C49D16-324F-4913-AEDB-953A5B11FFEA}.Debug|Any CPU.Build.0 = Debug|Any CPU
		{E3C49D16-324F-4913-AEDB-953A5B11FFEA}.Debug|x86.ActiveCfg = Debug|Any CPU
		{E3C49D16-324F-4913-AEDB-953A5B11FFEA}.Debug|x86.Build.0 = Debug|Any CPU
		{E3C49D16-324F-4913-AEDB-953A5B11FFEA}.Release|Any CPU.ActiveCfg = Release|Any CPU
		{E3C49D16-324F-4913-AEDB-953A5B11FFEA}.Release|Any CPU.Build.0 = Release|Any CPU
		{E3C49D16-324F-4913-AEDB-953A5B11FFEA}.Release|x86.ActiveCfg = Release|Any CPU
		{E3C49D16-324F-4913-AEDB-953A5B11FFEA}.Release|x86.Build.0 = Release|Any CPU
		{918F2EA2-98DB-4342-BD47-1EFBCB7EE56B}.Debug|Any CPU.ActiveCfg = Debug|Any CPU
		{918F2EA2-98DB-4342-BD47-1EFBCB7EE56B}.Debug|Any CPU.Build.0 = Debug|Any CPU
		{918F2EA2-98DB-4342-BD47-1EFBCB7EE56B}.Debug|x86.ActiveCfg = Debug|Any CPU
		{918F2EA2-98DB-4342-BD47-1EFBCB7EE56B}.Debug|x86.Build.0 = Debug|Any CPU
		{918F2EA2-98DB-4342-BD47-1EFBCB7EE56B}.Release|Any CPU.ActiveCfg = Release|Any CPU
		{918F2EA2-98DB-4342-BD47-1EFBCB7EE56B}.Release|Any CPU.Build.0 = Release|Any CPU
		{918F2EA2-98DB-4342-BD47-1EFBCB7EE56B}.Release|x86.ActiveCfg = Release|Any CPU
		{918F2EA2-98DB-4342-BD47-1EFBCB7EE56B}.Release|x86.Build.0 = Release|Any CPU
		{D9184C02-2ADA-42F2-86D3-70836754205D}.Debug|Any CPU.ActiveCfg = Debug|Any CPU
		{D9184C02-2ADA-42F2-86D3-70836754205D}.Debug|Any CPU.Build.0 = Debug|Any CPU
		{D9184C02-2ADA-42F2-86D3-70836754205D}.Debug|x86.ActiveCfg = Debug|Any CPU
		{D9184C02-2ADA-42F2-86D3-70836754205D}.Debug|x86.Build.0 = Debug|Any CPU
		{D9184C02-2ADA-42F2-86D3-70836754205D}.Release|Any CPU.ActiveCfg = Release|Any CPU
		{D9184C02-2ADA-42F2-86D3-70836754205D}.Release|Any CPU.Build.0 = Release|Any CPU
		{D9184C02-2ADA-42F2-86D3-70836754205D}.Release|x86.ActiveCfg = Release|Any CPU
		{D9184C02-2ADA-42F2-86D3-70836754205D}.Release|x86.Build.0 = Release|Any CPU
		{0F018367-20E1-4AF9-BEF9-C21AB4C9D838}.Debug|Any CPU.ActiveCfg = Debug|Any CPU
		{0F018367-20E1-4AF9-BEF9-C21AB4C9D838}.Debug|Any CPU.Build.0 = Debug|Any CPU
		{0F018367-20E1-4AF9-BEF9-C21AB4C9D838}.Debug|x86.ActiveCfg = Debug|Any CPU
		{0F018367-20E1-4AF9-BEF9-C21AB4C9D838}.Debug|x86.Build.0 = Debug|Any CPU
		{0F018367-20E1-4AF9-BEF9-C21AB4C9D838}.Release|Any CPU.ActiveCfg = Release|Any CPU
		{0F018367-20E1-4AF9-BEF9-C21AB4C9D838}.Release|Any CPU.Build.0 = Release|Any CPU
		{0F018367-20E1-4AF9-BEF9-C21AB4C9D838}.Release|x86.ActiveCfg = Release|Any CPU
		{0F018367-20E1-4AF9-BEF9-C21AB4C9D838}.Release|x86.Build.0 = Release|Any CPU
		{CA750478-FC5F-4979-807B-B6D6EF362219}.Debug|Any CPU.ActiveCfg = Debug|Any CPU
		{CA750478-FC5F-4979-807B-B6D6EF362219}.Debug|Any CPU.Build.0 = Debug|Any CPU
		{CA750478-FC5F-4979-807B-B6D6EF362219}.Debug|x86.ActiveCfg = Debug|Any CPU
		{CA750478-FC5F-4979-807B-B6D6EF362219}.Debug|x86.Build.0 = Debug|Any CPU
		{CA750478-FC5F-4979-807B-B6D6EF362219}.Release|Any CPU.ActiveCfg = Release|Any CPU
		{CA750478-FC5F-4979-807B-B6D6EF362219}.Release|Any CPU.Build.0 = Release|Any CPU
		{CA750478-FC5F-4979-807B-B6D6EF362219}.Release|x86.ActiveCfg = Release|Any CPU
		{CA750478-FC5F-4979-807B-B6D6EF362219}.Release|x86.Build.0 = Release|Any CPU
		{389A84C9-024A-4F5C-B6D5-290FA6C3A05A}.Debug|Any CPU.ActiveCfg = Debug|x86
		{389A84C9-024A-4F5C-B6D5-290FA6C3A05A}.Debug|x86.ActiveCfg = Debug|x86
		{389A84C9-024A-4F5C-B6D5-290FA6C3A05A}.Debug|x86.Build.0 = Debug|x86
		{389A84C9-024A-4F5C-B6D5-290FA6C3A05A}.Release|Any CPU.ActiveCfg = Release|x86
		{389A84C9-024A-4F5C-B6D5-290FA6C3A05A}.Release|x86.ActiveCfg = Release|x86
		{389A84C9-024A-4F5C-B6D5-290FA6C3A05A}.Release|x86.Build.0 = Release|x86
		{5FE4AB3E-0809-48CE-BE52-9A18B2DF9609}.Debug|Any CPU.ActiveCfg = Debug|Any CPU
		{5FE4AB3E-0809-48CE-BE52-9A18B2DF9609}.Debug|Any CPU.Build.0 = Debug|Any CPU
		{5FE4AB3E-0809-48CE-BE52-9A18B2DF9609}.Debug|x86.ActiveCfg = Debug|Any CPU
		{5FE4AB3E-0809-48CE-BE52-9A18B2DF9609}.Debug|x86.Build.0 = Debug|Any CPU
		{5FE4AB3E-0809-48CE-BE52-9A18B2DF9609}.Release|Any CPU.ActiveCfg = Release|Any CPU
		{5FE4AB3E-0809-48CE-BE52-9A18B2DF9609}.Release|Any CPU.Build.0 = Release|Any CPU
		{5FE4AB3E-0809-48CE-BE52-9A18B2DF9609}.Release|x86.ActiveCfg = Release|Any CPU
		{5FE4AB3E-0809-48CE-BE52-9A18B2DF9609}.Release|x86.Build.0 = Release|Any CPU
		{0881795D-C8B7-4606-8D46-B9FC940BB5E6}.Debug|Any CPU.ActiveCfg = Debug|Any CPU
		{0881795D-C8B7-4606-8D46-B9FC940BB5E6}.Debug|Any CPU.Build.0 = Debug|Any CPU
		{0881795D-C8B7-4606-8D46-B9FC940BB5E6}.Debug|x86.ActiveCfg = Debug|Any CPU
		{0881795D-C8B7-4606-8D46-B9FC940BB5E6}.Debug|x86.Build.0 = Debug|Any CPU
		{0881795D-C8B7-4606-8D46-B9FC940BB5E6}.Release|Any CPU.ActiveCfg = Release|Any CPU
		{0881795D-C8B7-4606-8D46-B9FC940BB5E6}.Release|Any CPU.Build.0 = Release|Any CPU
		{0881795D-C8B7-4606-8D46-B9FC940BB5E6}.Release|x86.ActiveCfg = Release|Any CPU
		{0881795D-C8B7-4606-8D46-B9FC940BB5E6}.Release|x86.Build.0 = Release|Any CPU
		{3C1648E5-3192-4CAE-B3A7-2B2CA7FEF8DD}.Debug|Any CPU.ActiveCfg = Debug|Any CPU
		{3C1648E5-3192-4CAE-B3A7-2B2CA7FEF8DD}.Debug|Any CPU.Build.0 = Debug|Any CPU
		{3C1648E5-3192-4CAE-B3A7-2B2CA7FEF8DD}.Debug|x86.ActiveCfg = Debug|Any CPU
		{3C1648E5-3192-4CAE-B3A7-2B2CA7FEF8DD}.Debug|x86.Build.0 = Debug|Any CPU
		{3C1648E5-3192-4CAE-B3A7-2B2CA7FEF8DD}.Release|Any CPU.ActiveCfg = Release|Any CPU
		{3C1648E5-3192-4CAE-B3A7-2B2CA7FEF8DD}.Release|Any CPU.Build.0 = Release|Any CPU
		{3C1648E5-3192-4CAE-B3A7-2B2CA7FEF8DD}.Release|x86.ActiveCfg = Release|Any CPU
		{3C1648E5-3192-4CAE-B3A7-2B2CA7FEF8DD}.Release|x86.Build.0 = Release|Any CPU
		{43903ED6-420A-476C-B154-63E4A31CB9A4}.Debug|Any CPU.ActiveCfg = Debug|Any CPU
		{43903ED6-420A-476C-B154-63E4A31CB9A4}.Debug|Any CPU.Build.0 = Debug|Any CPU
		{43903ED6-420A-476C-B154-63E4A31CB9A4}.Debug|x86.ActiveCfg = Debug|Any CPU
		{43903ED6-420A-476C-B154-63E4A31CB9A4}.Debug|x86.Build.0 = Debug|Any CPU
		{43903ED6-420A-476C-B154-63E4A31CB9A4}.Release|Any CPU.ActiveCfg = Release|Any CPU
		{43903ED6-420A-476C-B154-63E4A31CB9A4}.Release|Any CPU.Build.0 = Release|Any CPU
		{43903ED6-420A-476C-B154-63E4A31CB9A4}.Release|x86.ActiveCfg = Release|Any CPU
		{43903ED6-420A-476C-B154-63E4A31CB9A4}.Release|x86.Build.0 = Release|Any CPU
		{D5449275-9B77-4543-A398-BC1568C9999D}.Debug|Any CPU.ActiveCfg = Debug|Any CPU
		{D5449275-9B77-4543-A398-BC1568C9999D}.Debug|Any CPU.Build.0 = Debug|Any CPU
		{D5449275-9B77-4543-A398-BC1568C9999D}.Debug|x86.ActiveCfg = Debug|Any CPU
		{D5449275-9B77-4543-A398-BC1568C9999D}.Debug|x86.Build.0 = Debug|Any CPU
		{D5449275-9B77-4543-A398-BC1568C9999D}.Release|Any CPU.ActiveCfg = Release|Any CPU
		{D5449275-9B77-4543-A398-BC1568C9999D}.Release|Any CPU.Build.0 = Release|Any CPU
		{D5449275-9B77-4543-A398-BC1568C9999D}.Release|x86.ActiveCfg = Release|Any CPU
		{D5449275-9B77-4543-A398-BC1568C9999D}.Release|x86.Build.0 = Release|Any CPU
		{359B7CBB-CDE6-403E-8EA4-F6EC7F51E2EF}.Debug|Any CPU.ActiveCfg = Debug|Any CPU
		{359B7CBB-CDE6-403E-8EA4-F6EC7F51E2EF}.Debug|Any CPU.Build.0 = Debug|Any CPU
		{359B7CBB-CDE6-403E-8EA4-F6EC7F51E2EF}.Debug|x86.ActiveCfg = Debug|Any CPU
		{359B7CBB-CDE6-403E-8EA4-F6EC7F51E2EF}.Debug|x86.Build.0 = Debug|Any CPU
		{359B7CBB-CDE6-403E-8EA4-F6EC7F51E2EF}.Release|Any CPU.ActiveCfg = Release|Any CPU
		{359B7CBB-CDE6-403E-8EA4-F6EC7F51E2EF}.Release|Any CPU.Build.0 = Release|Any CPU
		{359B7CBB-CDE6-403E-8EA4-F6EC7F51E2EF}.Release|x86.ActiveCfg = Release|Any CPU
		{359B7CBB-CDE6-403E-8EA4-F6EC7F51E2EF}.Release|x86.Build.0 = Release|Any CPU
	EndGlobalSection
	GlobalSection(SolutionProperties) = preSolution
		HideSolutionNode = FALSE
	EndGlobalSection
	GlobalSection(NestedProjects) = preSolution
		{C375BE4E-DFF2-4277-A93F-3E889F1C7146} = {80D947C5-D1E9-4814-BD59-2E49DF41D524}
		{271CA868-5BEC-4540-B462-FFA77087F4D9} = {E3FBE13A-79C0-4694-BF7C-1B8AEC22A973}
		{75373F0C-B06E-41BE-BE65-96BF8B82A264} = {E3FBE13A-79C0-4694-BF7C-1B8AEC22A973}
		{C9FAD7E9-1A72-41D8-84DE-8771E30D8CBC} = {80D947C5-D1E9-4814-BD59-2E49DF41D524}
		{EF011870-ADD9-496C-B977-6DACE8F89447} = {E3FBE13A-79C0-4694-BF7C-1B8AEC22A973}
		{A0469F13-0753-41C3-B67B-CA76758D9A23} = {2EF76BD0-9579-4300-BFEB-C18E64CF9FF1}
		{FF7F4A29-D472-47EC-ADD1-6DDC90B90F07} = {B5BE6112-E379-4ECB-BBCF-5621565863FC}
		{E3C49D16-324F-4913-AEDB-953A5B11FFEA} = {B5BE6112-E379-4ECB-BBCF-5621565863FC}
		{918F2EA2-98DB-4342-BD47-1EFBCB7EE56B} = {80D947C5-D1E9-4814-BD59-2E49DF41D524}
		{D9184C02-2ADA-42F2-86D3-70836754205D} = {E3FBE13A-79C0-4694-BF7C-1B8AEC22A973}
		{0F018367-20E1-4AF9-BEF9-C21AB4C9D838} = {2EF76BD0-9579-4300-BFEB-C18E64CF9FF1}
		{CA750478-FC5F-4979-807B-B6D6EF362219} = {868F8BD1-089A-4E76-BDEC-365F89CDB984}
		{389A84C9-024A-4F5C-B6D5-290FA6C3A05A} = {74C5D6A4-483F-4925-AE17-ED20131DE41C}
		{5FE4AB3E-0809-48CE-BE52-9A18B2DF9609} = {A768DE76-513E-401C-A677-501E4BBA480E}
		{0881795D-C8B7-4606-8D46-B9FC940BB5E6} = {A768DE76-513E-401C-A677-501E4BBA480E}
		{3C1648E5-3192-4CAE-B3A7-2B2CA7FEF8DD} = {A768DE76-513E-401C-A677-501E4BBA480E}
		{43903ED6-420A-476C-B154-63E4A31CB9A4} = {868F8BD1-089A-4E76-BDEC-365F89CDB984}
		{D5449275-9B77-4543-A398-BC1568C9999D} = {868F8BD1-089A-4E76-BDEC-365F89CDB984}
		{359B7CBB-CDE6-403E-8EA4-F6EC7F51E2EF} = {868F8BD1-089A-4E76-BDEC-365F89CDB984}
	EndGlobalSection
EndGlobal
